github.com/ohzqq/jserr v0.0.0-20260331162854-d122c8e80d2b h1:G6sF3Zh5l38X+AyEBKsSlzU5PB7rkULOO6euxfCj9r4=
github.com/ohzqq/jserr v0.0.0-20260331162854-d122c8e80d2b/go.mod h1:WR2asy0d0N4Dfh24FlG66V8sUBuIeFk8zEddCwIbk/A=
github.com/ohzqq/pretree v0.0.64 h1:31sbkvk96Ja1kZ9h6c7zyK73T0TWL7RlE/VUlIs4PmY=
github.com/ohzqq/pretree v0.0.64/go.mod h1:brh+LQuL+6pNBcmCMEZrzlFRQDqnbV5zHytLzazvSNM=
github.com/ohzqq/qs v0.0.0 h1:+Mr6FWG5DlZG89Wcxt2izn+CQWpHBJGxPyTNOtLk3d4=
github.com/ohzqq/qs v0.0.0/go.mod h1:srELM1r8ABIphShMIYf0SP9/SsVoNMOZ8W08Jy8Xumc=
github.com/ohzqq/query v0.0.0 h1:/SwLazjhzY5eELzTA7bCkDAXr3zz4svBmlCS8qYDqPA=
github.com/ohzqq/query v0.0.0/go.mod h1:eI8kSpWv0YO6gDEVk/EX6FfI7UEFxrcOb+l06c/1Zog=
github.com/ohzqq/sp v0.0.2 h1:PCj6FL8cIABkaNbKJF3bcWkC2oHro3vIp5m9BMxfnF8=
github.com/ohzqq/sp v0.0.2/go.mod h1:nnrNfnrbtKsO21+LX+e6plJJVKvVJ4hdfd+eSHFP+60=
github.com/ohzqq/tinydom v0.0.7 h1:H1EOU4ZFTFdEmnioraPjfrCzZHY3RD/ehN6XcEjnh20=
github.com/ohzqq/tinydom v0.0.7/go.mod h1:m2iwr08qzbV2KjHU/TLLJqDRrg03wN6jS0lT6tLS7QM=
github.com/ohzqq/tinydom v0.0.16 h1:ASrmxPzbzp8bwPWAIH+UYHJ8nos+6KG4daIdm5A+dEw=
github.com/ohzqq/tinydom v0.0.16/go.mod h1:7ByPQ+y+BesHIyDNQSSAPl6FD4lvijOEtFwJUQokJIQ=
github.com/ohzqq/tinydom v0.0.73-0.20260414164231-a15bf96664ab h1:1eZqdYtXO+tlIUCKUf9ODY1RumBYHPjx9yZhVBtPKHM=
github.com/ohzqq/tinydom v0.0.73-0.20260414164231-a15bf96664ab/go.mod h1:7ByPQ+y+BesHIyDNQSSAPl6FD4lvijOEtFwJUQokJIQ=
github.com/ohzqq/tinydom v0.0.73-0.20260414164704-49a3894c0be7 h1:bph5JRGBUInoGgkITtoHyucKXOYirikXm2HnSnl2Vvk=
github.com/ohzqq/tinydom v0.0.73-0.20260414164704-49a3894c0be7/go.mod h1:7ByPQ+y+BesHIyDNQSSAPl6FD4lvijOEtFwJUQokJIQ=
github.com/tinywasm/fmt v0.21.1 h1:G6//fyKjpAsC1iw+yxxxHZJYyPS08NxLek2vjFnd2Jo=
github.com/tinywasm/fmt v0.21.1/go.mod h1:L2GCAi6asgytPV6TVvGrRq5Ml+DkUt1Ijo5i/2J1jOY=
github.com/tinywasm/jsvalue v0.0.10 h1:4VJtggxw83yLSeoQIfMtx59cJpBHnR8VzjvnvNVE6Dg=
github.com/tinywasm/jsvalue v0.0.10/go.mod h1:5YZvP4vbDMWMRtSzRH9kLluRZJ6I7yhWd8qG0YRqTwo=
github.com/yuin/goldmark v1.7.13 h1:GPddIs617DnBLFFVJFgpo1aBfe/4xcvMc3SB5t/D0pA=
github.com/yuin/goldmark v1.7.13/go.mod h1:ip/1k0VRfGynBgxOz0yCqHrbZXhcjxyuS66Brc7iBKg=
golang.org/x/mod v0.27.0 h1:kb+q2PyFnEADO2IEF935ehFUXlWiNjJWtRNgBLSfbxQ=
golang.org/x/mod v0.27.0/go.mod h1:rWI627Fq0DEoudcK+MBkNkCe0EetEaDSwJJkCcjpazc=
golang.org/x/tools v0.36.1-0.20250903222949-a5c0eb837c9f h1:jDEaVlf+r7N8Re8Es5pGylGkfnqcx9dfUCsd1T+biTs=
golang.org/x/tools v0.36.1-0.20250903222949-a5c0eb837c9f/go.mod h1:n+8pplxVZfXnmHBxWsfPnQRJ5vWroQDk+U2MFpjwtFY=
golang.org/x/tools/cmd/godoc v0.1.0-deprecated h1:sEGTwp9aZNTHsdf/2BGaRqE4ZLndRVH17rbQ2OVun9Q=
golang.org/x/tools/cmd/godoc v0.1.0-deprecated/go.mod h1:J6VY4iFch6TIm456U3fnw1EJZaIqcYlhHu6GpHQ9HJk=
golang.org/x/tools/godoc v0.1.0-deprecated h1:o+aZ1BOj6Hsx/GBdJO/s815sqftjSnrZZwyYTHODvtk=
golang.org/x/tools/godoc v0.1.0-deprecated/go.mod h1:qM63CriJ961IHWmnWa9CjZnBndniPt4a3CK0PVB9bIg=
